// !$*UTF8*$!
{
	archiveVersion = 1;
	classes = {
	};
	objectVersion = 50;
	objects = {

/* Begin PBXBuildFile section */
		B410C19B20770A3A0078C6D5 /* AppDelegate.swift in Sources */ = {isa = PBXBuildFile; fileRef = B410C19A20770A3A0078C6D5 /* AppDelegate.swift */; };
		B410C19D20770A3A0078C6D5 /* ViewController.swift in Sources */ = {isa = PBXBuildFile; fileRef = B410C19C20770A3A0078C6D5 /* ViewController.swift */; };
		B410C1A020770A3A0078C6D5 /* Main.storyboard in Resources */ = {isa = PBXBuildFile; fileRef = B410C19E20770A3A0078C6D5 /* Main.storyboard */; };
		B410C1A220770A3B0078C6D5 /* Assets.xcassets in Resources */ = {isa = PBXBuildFile; fileRef = B410C1A120770A3B0078C6D5 /* Assets.xcassets */; };
		B410C1A520770A3B0078C6D5 /* LaunchScreen.storyboard in Resources */ = {isa = PBXBuildFile; fileRef = B410C1A320770A3B0078C6D5 /* LaunchScreen.storyboard */; };
/* End PBXBuildFile section */

/* Begin PBXFileReference section */
		B410C19720770A3A0078C6D5 /* How to convert a HTML name string into a UIColor.app */ = {isa = PBXFileReference; explicitFileType = wrapper.application; includeInIndex = 0; path = "How to convert a HTML name string into a UIColor.app"; sourceTree = BUILT_PRODUCTS_DIR; };
		B410C19A20770A3A0078C6D5 /* AppDelegate.swift */ = {isa = PBXFileReference; lastKnownFileType = sourcecode.swift; path = AppDelegate.swift; sourceTree = "<group>"; };
		B410C19C20770A3A0078C6D5 /* ViewController.swift */ = {isa = PBXFileReference; lastKnownFileType = sourcecode.swift; path = ViewController.swift; sourceTree = "<group>"; };
		B410C19F20770A3A0078C6D5 /* Base */ = {isa = PBXFileReference; lastKnownFileType = file.storyboard; name = Base; path = Base.lproj/Main.storyboard; sourceTree = "<group>"; };
		B410C1A120770A3B0078C6D5 /* Assets.xcassets */ = {isa = PBXFileReference; lastKnownFileType = folder.assetcatalog; path = Assets.xcassets; sourceTree = "<group>"; };
		B410C1A420770A3B0078C6D5 /* Base */ = {isa = PBXFileReference; lastKnownFileType = file.storyboard; name = Base; path = Base.lproj/LaunchScreen.storyboard; sourceTree = "<group>"; };
		B410C1A620770A3B0078C6D5 /* Info.plist */ = {isa = PBXFileReference; lastKnownFileType = text.plist.xml; path = Info.plist; sourceTree = "<group>"; };
/* End PBXFileReference section */

/* Begin PBXFrameworksBuildPhase section */
		B410C19420770A3A0078C6D5 /* Frameworks */ = {
			isa = PBXFrameworksBuildPhase;
			buildActionMask = 2147483647;
			files = (
			);
			runOnlyForDeploymentPostprocessing = 0;
		};
/* End PBXFrameworksBuildPhase section */

/* Begin PBXGroup section */
		B410C18E20770A3A0078C6D5 = {
			isa = PBXGroup;
			children = (
				B410C19920770A3A0078C6D5 /* How to convert a HTML name string into a UIColor */,
				B410C19820770A3A0078C6D5 /* Products */,
			);
			sourceTree = "<group>";
		};
		B410C19820770A3A0078C6D5 /* Products */ = {
			isa = PBXGroup;
			children = (
				B410C19720770A3A0078C6D5 /* How to convert a HTML name string into a UIColor.app */,
			);
			name = Products;
			sourceTree = "<group>";
		};
		B410C19920770A3A0078C6D5 /* How to convert a HTML name string into a UIColor */ = {
			isa = PBXGroup;
			children = (
				B410C19A20770A3A0078C6D5 /* AppDelegate.swift */,
				B410C19C20770A3A0078C6D5 /* ViewController.swift */,
				B410C19E20770A3A0078C6D5 /* Main.storyboard */,
				B410C1A120770A3B0078C6D5 /* Assets.xcassets */,
				B410C1A320770A3B0078C6D5 /* LaunchScreen.storyboard */,
				B410C1A620770A3B0078C6D5 /* Info.plist */,
			);
			path = "How to convert a HTML name string into a UIColor";
			sourceTree = "<group>";
		};
/* End PBXGroup section */

/* Begin PBXNativeTarget section */
		B410C19620770A3A0078C6D5 /* How to convert a HTML name string into a UIColor */ = {
			isa = PBXNativeTarget;
			buildConfigurationList = B410C1A920770A3B0078C6D5 /* Build configuration list for PBXNativeTarget "How to convert a HTML name string into a UIColor" */;
			buildPhases = (
				B410C19320770A3A0078C6D5 /* Sources */,
				B410C19420770A3A0078C6D5 /* Frameworks */,
				B410C19520770A3A0078C6D5 /* Resources */,
			);
			buildRules = (
			);
			dependencies = (
			);
			name = "How to convert a HTML name string into a UIColor";
			productName = "How to convert a HTML name string into a UIColor";
			productReference = B410C19720770A3A0078C6D5 /* How to convert a HTML name string into a UIColor.app */;
			productType = "com.apple.product-type.application";
		};
/* End PBXNativeTarget section */

/* Begin PBXProject section */
		B410C18F20770A3A0078C6D5 /* Project object */ = {
			isa = PBXProject;
			attributes = {
				LastSwiftUpdateCheck = 0930;
				LastUpgradeCheck = 0930;
				ORGANIZATIONNAME = "Stephen DeStefano";
				TargetAttributes = {
					B410C19620770A3A0078C6D5 = {
						CreatedOnToolsVersion = 9.3;
					};
				};
			};
			buildConfigurationList = B410C19220770A3A0078C6D5 /* Build configuration list for PBXProject "How to convert a HTML name string into a UIColor" */;
			compatibilityVersion = "Xcode 9.3";
			developmentRegion = en;
			hasScannedForEncodings = 0;
			knownRegions = (
				en,
				Base,
			);
			mainGroup = B410C18E20770A3A0078C6D5;
			productRefGroup = B410C19820770A3A0078C6D5 /* Products */;
			projectDirPath = "";
			projectRoot = "";
			targets = (
				B410C19620770A3A0078C6D5 /* How to convert a HTML name string into a UIColor */,
			);
		};
/* End PBXProject section */

/* Begin PBXResourcesBuildPhase section */
		B410C19520770A3A0078C6D5 /* Resources */ = {
			isa = PBXResourcesBuildPhase;
			buildActionMask = 2147483647;
			files = (
				B410C1A520770A3B0078C6D5 /* LaunchScreen.storyboard in Resources */,
				B410C1A220770A3B0078C6D5 /* Assets.xcassets in Resources */,
				B410C1A020770A3A0078C6D5 /* Main.storyboard in Resources */,
			);
			runOnlyForDeploymentPostprocessing = 0;
		};
/* End PBXResourcesBuildPhase section */

/* Begin PBXSourcesBuildPhase section */
		B410C19320770A3A0078C6D5 /* Sources */ = {
			isa = PBXSourcesBuildPhase;
			buildActionMask = 2147483647;
			files = (
				B410C19D20770A3A0078C6D5 /* ViewController.swift in Sources */,
				B410C19B20770A3A0078C6D5 /* AppDelegate.swift in Sources */,
			);
			runOnlyForDeploymentPostprocessing = 0;
		};
/* End PBXSourcesBuildPhase section */

/* Begin PBXVariantGroup section */
		B410C19E20770A3A0078C6D5 /* Main.storyboard */ = {
			isa = PBXVariantGroup;
			children = (
				B410C19F20770A3A0078C6D5 /* Base */,
			);
			name = Main.storyboard;
			sourceTree = "<group>";
		};
		B410C1A320770A3B0078C6D5 /* LaunchScreen.storyboard */ = {
			isa = PBXVariantGroup;
			children = (
				B410C1A420770A3B0078C6D5 /* Base */,
			);
			name = LaunchScreen.storyboard;
			sourceTree = "<group>";
		};
/* End PBXVariantGroup section */

/* Begin XCBuildConfiguration section */
		B410C1A720770A3B0078C6D5 /* Debug */ = {
			isa = XCBuildConfiguration;
			buildSettings = {
				ALWAYS_SEARCH_USER_PATHS = NO;
				CLANG_ANALYZER_NONNULL = YES;
				CLANG_ANALYZER_NUMBER_OBJECT_CONVERSION = YES_AGGRESSIVE;
				CLANG_CXX_LANGUAGE_STANDARD = "gnu++14";
				CLANG_CXX_LIBRARY = "libc++";
				CLANG_ENABLE_MODULES = YES;
				CLANG_ENABLE_OBJC_ARC = YES;
				CLANG_ENABLE_OBJC_WEAK = YES;
				CLANG_WARN_BLOCK_CAPTURE_AUTORELEASING = YES;
				CLANG_WARN_BOOL_CONVERSION = YES;
				CLANG_WARN_COMMA = YES;
				CLANG_WARN_CONSTANT_CONVERSION = YES;
				CLANG_WARN_DEPRECATED_OBJC_IMPLEMENTATIONS = YES;
				CLANG_WARN_DIRECT_OBJC_ISA_USAGE = YES_ERROR;
				CLANG_WARN_DOCUMENTATION_COMMENTS = YES;
				CLANG_WARN_EMPTY_BODY = YES;
				CLANG_WARN_ENUM_CONVERSION = YES;
				CLANG_WARN_INFINITE_RECURSION = YES;
				CLANG_WARN_INT_CONVERSION = YES;
				CLANG_WARN_NON_LITERAL_NULL_CONVERSION = YES;
				CLANG_WARN_OBJC_IMPLICIT_RETAIN_SELF = YES;
				CLANG_WARN_OBJC_LITERAL_CONVERSION = YES;
				CLANG_WARN_OBJC_ROOT_CLASS = YES_ERROR;
				CLANG_WARN_RANGE_LOOP_ANALYSIS = YES;
				CLANG_WARN_STRICT_PROTOTYPES = YES;
				CLANG_WARN_SUSPICIOUS_MOVE = YES;
				CLANG_WARN_UNGUARDED_AVAILABILITY = YES_AGGRESSIVE;
				CLANG_WARN_UNREACHABLE_CODE = YES;
				CLANG_WARN__DUPLICATE_METHOD_MATCH = YES;
				CODE_SIGN_IDENTITY = "iPhone Developer";
				COPY_PHASE_STRIP = NO;
				DEBUG_INFORMATION_FORMAT = dwarf;
				ENABLE_STRICT_OBJC_MSGSEND = YES;
				ENABLE_TESTABILITY = YES;
				GCC_C_LANGUAGE_STANDARD = gnu11;
				GCC_DYNAMIC_NO_PIC = NO;
				GCC_NO_COMMON_BLOCKS = YES;
				GCC_OPTIMIZATION_LEVEL = 0;
				GCC_PREPROCESSOR_DEFINITIONS = (
					"DEBUG=1",
					"$(inherited)",
				);
				GCC_WARN_64_TO_32_BIT_CONVERSION = YES;
				GCC_WARN_ABOUT_RETURN_TYPE = YES_ERROR;
				GCC_WARN_UNDECLARED_SELECTOR = YES;
				GCC_WARN_UNINITIALIZED_AUTOS = YES_AGGRESSIVE;
				GCC_WARN_UNUSED_FUNCTION = YES;
				GCC_WARN_UNUSED_VARIABLE = YES;
				IPHONEOS_DEPLOYMENT_TARGET = 11.3;
				MTL_ENABLE_DEBUG_INFO = YES;
				ONLY_ACTIVE_ARCH = YES;
				SDKROOT = iphoneos;
				SWIFT_ACTIVE_COMPILATION_CONDITIONS = DEBUG;
				SWIFT_OPTIMIZATION_LEVEL = "-Onone";
			};
			name = Debug;
		};
		B410C1A820770A3B0078C6D5 /* Release */ = {
			isa = XCBuildConfiguration;
			buildSettings = {
				ALWAYS_SEARCH_USER_PATHS = NO;
				CLANG_ANALYZER_NONNULL = YES;
				CLANG_ANALYZER_NUMBER_OBJECT_CONVERSION = YES_AGGRESSIVE;
				CLANG_CXX_LANGUAGE_STANDARD = "gnu++14";
				CLANG_CXX_LIBRARY = "libc++";
				CLANG_ENABLE_MODULES = YES;
				CLANG_ENABLE_OBJC_ARC = YES;
				CLANG_ENABLE_OBJC_WEAK = YES;
				CLANG_WARN_BLOCK_CAPTURE_AUTORELEASING = YES;
				CLANG_WARN_BOOL_CONVERSION = YES;
				CLANG_WARN_COMMA = YES;
				CLANG_WARN_CONSTANT_CONVERSION = YES;
				CLANG_WARN_DEPRECATED_OBJC_IMPLEMENTATIONS = YES;
				CLANG_WARN_DIRECT_OBJC_ISA_USAGE = YES_ERROR;
				CLANG_WARN_DOCUMENTATION_COMMENTS = YES;
				CLANG_WARN_EMPTY_BODY = YES;
				CLANG_WARN_ENUM_CONVERSION = YES;
				CLANG_WARN_INFINITE_RECURSION = YES;
				CLANG_WARN_INT_CONVERSION = YES;
				CLANG_WARN_NON_LITERAL_NULL_CONVERSION = YES;
				CLANG_WARN_OBJC_IMPLICIT_RETAIN_SELF = YES;
				CLANG_WARN_OBJC_LITERAL_CONVERSION = YES;
				CLANG_WARN_OBJC_ROOT_CLASS = YES_ERROR;
				CLANG_WARN_RANGE_LOOP_ANALYSIS = YES;
				CLANG_WARN_STRICT_PROTOTYPES = YES;
				CLANG_WARN_SUSPICIOUS_MOVE = YES;
				CLANG_WARN_UNGUARDED_AVAILABILITY = YES_AGGRESSIVE;
				CLANG_WARN_UNREACHABLE_CODE = YES;
				CLANG_WARN__DUPLICATE_METHOD_MATCH = YES;
				CODE_SIGN_IDENTITY = "iPhone Developer";
				COPY_PHASE_STRIP = NO;
				DEBUG_INFORMATION_FORMAT = "dwarf-with-dsym";
				ENABLE_NS_ASSERTIONS = NO;
				ENABLE_STRICT_OBJC_MSGSEND = YES;
				GCC_C_LANGUAGE_STANDARD = gnu11;
				GCC_NO_COMMON_BLOCKS = YES;
				GCC_WARN_64_TO_32_BIT_CONVERSION = YES;
				GCC_WARN_ABOUT_RETURN_TYPE = YES_ERROR;
				GCC_WARN_UNDECLARED_SELECTOR = YES;
				GCC_WARN_UNINITIALIZED_AUTOS = YES_AGGRESSIVE;
				GCC_WARN_UNUSED_FUNCTION = YES;
				GCC_WARN_UNUSED_VARIABLE = YES;
				IPHONEOS_DEPLOYMENT_TARGET = 11.3;
				MTL_ENABLE_DEBUG_INFO = NO;
				SDKROOT = iphoneos;
				SWIFT_COMPILATION_MODE = wholemodule;
				SWIFT_OPTIMIZATION_LEVEL = "-O";
				VALIDATE_PRODUCT = YES;
			};
			name = Release;
		};
		B410C1AA20770A3B0078C6D5 /* Debug */ = {
			isa = XCBuildConfiguration;
			buildSettings = {
				ASSETCATALOG_COMPILER_APPICON_NAME = AppIcon;
				CODE_SIGN_STYLE = Automatic;
				DEVELOPMENT_TEAM = M4YWUWL5V9;
				INFOPLIST_FILE = "How to convert a HTML name string into a UIColor/Info.plist";
				LD_RUNPATH_SEARCH_PATHS = (
					"$(inherited)",
					"@executable_path/Frameworks",
				);
				PRODUCT_BUNDLE_IDENTIFIER = "com.NamasteApps.How-to-convert-a-HTML-name-string-into-a-UIColor";
				PRODUCT_NAME = "$(TARGET_NAME)";
				SWIFT_VERSION = 4.0;
				TARGETED_DEVICE_FAMILY = "1,2";
			};
			name = Debug;
		};
		B410C1AB20770A3B0078C6D5 /* Release */ = {
			isa = XCBuildConfiguration;
			buildSettings = {
				ASSETCATALOG_COMPILER_APPICON_NAME = AppIcon;
				CODE_SIGN_STYLE = Automatic;
				DEVELOPMENT_TEAM = M4YWUWL5V9;
				INFOPLIST_FILE = "How to convert a HTML name string into a UIColor/Info.plist";
				LD_RUNPATH_SEARCH_PATHS = (
					"$(inherited)",
					"@executable_path/Frameworks",
				);
				PRODUCT_BUNDLE_IDENTIFIER = "com.NamasteApps.How-to-convert-a-HTML-name-string-into-a-UIColor";
				PRODUCT_NAME = "$(TARGET_NAME)";
				SWIFT_VERSION = 4.0;
				TARGETED_DEVICE_FAMILY = "1,2";
			};
			name = Release;
		};
/* End XCBuildConfiguration section */

/* Begin XCConfigurationList section */
		B410C19220770A3A0078C6D5 /* Build configuration list for PBXProject "How to convert a HTML name string into a UIColor" */ = {
			isa = XCConfigurationList;
			buildConfigurations = (
				B410C1A720770A3B0078C6D5 /* Debug */,
				B410C1A820770A3B0078C6D5 /* Release */,
			);
			defaultConfigurationIsVisible = 0;
			defaultConfigurationName = Release;
		};
		B410C1A920770A3B0078C6D5 /* Build configuration list for PBXNativeTarget "How to convert a HTML name string into a UIColor" */ = {
			isa = XCConfigurationList;
			buildConfigurations = (
				B410C1AA20770A3B0078C6D5 /* Debug */,
				B410C1AB20770A3B0078C6D5 /* Release */,
			);
			defaultConfigurationIsVisible = 0;
			defaultConfigurationName = Release;
		};
/* End XCConfigurationList section */
	};
	rootObject = B410C18F20770A3A0078C6D5 /* Project object */;
}
